
Microsoft Visual Studio Solution File, Format Version 12.00
# Visual Studio Version 17
VisualStudioVersion = 17.9.34728.123
MinimumVisualStudioVersion = 10.0.40219.1
Project("{FAE04EC0-301F-11D3-BF4B-00C04F79EFBC}") = "Form1Demo", "Form1Demo.csproj", "{2CE4993D-EF5E-48AD-A34D-0444F9B02A3C}"
EndProject
Global
	GlobalSection(SolutionConfigurationPlatforms) = preSolution
		Debug|Any CPU = Debug|Any CPU
		Release|Any CPU = Release|Any CPU
	EndGlobalSection
	GlobalSection(ProjectConfigurationPlatforms) = postSolution
		{2CE4993D-EF5E-48AD-A34D-0444F9B02A3C}.Debug|Any CPU.ActiveCfg = Debug|Any CPU
		{2CE4993D-EF5E-48AD-A34D-0444F9B02A3C}.Debug|Any CPU.Build.0 = Debug|Any CPU
		{2CE4993D-EF5E-48AD-A34D-0444F9B02A3C}.Release|Any CPU.ActiveCfg = Release|Any CPU
		{2CE4993D-EF5E-48AD-A34D-0444F9B02A3C}.Release|Any CPU.Build.0 = Release|Any CPU
	EndGlobalSection
	GlobalSection(SolutionProperties) = preSolution
		HideSolutionNode = FALSE
	EndGlobalSection
	GlobalSection(ExtensibilityGlobals) = postSolution
		SolutionGuid = {5DADF42A-EED5-4D65-B222-AC1A8525C232}
	EndGlobalSection
EndGlobal
